// !$*UTF8*$!
{
	archiveVersion = 1;
	classes = {
	};
	objectVersion = 50;
	objects = {

/* Begin PBXBuildFile section */
		48389C4926B4E17E000E7C13 /* AppDelegate.swift in Sources */ = {isa = PBXBuildFile; fileRef = 48389C4826B4E17E000E7C13 /* AppDelegate.swift */; };
		48389C4B26B4E17E000E7C13 /* SceneDelegate.swift in Sources */ = {isa = PBXBuildFile; fileRef = 48389C4A26B4E17E000E7C13 /* SceneDelegate.swift */; };
		48389C4D26B4E17E000E7C13 /* ViewController.swift in Sources */ = {isa = PBXBuildFile; fileRef = 48389C4C26B4E17E000E7C13 /* ViewController.swift */; };
		48389C5026B4E17E000E7C13 /* Main.storyboard in Resources */ = {isa = PBXBuildFile; fileRef = 48389C4E26B4E17E000E7C13 /* Main.storyboard */; };
		48389C5226B4E180000E7C13 /* Assets.xcassets in Resources */ = {isa = PBXBuildFile; fileRef = 48389C5126B4E180000E7C13 /* Assets.xcassets */; };
		48389C5526B4E180000E7C13 /* LaunchScreen.storyboard in Resources */ = {isa = PBXBuildFile; fileRef = 48389C5326B4E180000E7C13 /* LaunchScreen.storyboard */; };
		48389C7D26B533FD000E7C13 /* Scoreboard.swift in Sources */ = {isa = PBXBuildFile; fileRef = 48389C7C26B533FD000E7C13 /* Scoreboard.swift */; };
/* End PBXBuildFile section */

/* Begin PBXFileReference section */
		48389C4526B4E17E000E7C13 /* PingPongScoreboard.app */ = {isa = PBXFileReference; explicitFileType = wrapper.application; includeInIndex = 0; path = PingPongScoreboard.app; sourceTree = BUILT_PRODUCTS_DIR; };
		48389C4826B4E17E000E7C13 /* AppDelegate.swift */ = {isa = PBXFileReference; lastKnownFileType = sourcecode.swift; path = AppDelegate.swift; sourceTree = "<group>"; };
		48389C4A26B4E17E000E7C13 /* SceneDelegate.swift */ = {isa = PBXFileReference; lastKnownFileType = sourcecode.swift; path = SceneDelegate.swift; sourceTree = "<group>"; };
		48389C4C26B4E17E000E7C13 /* ViewController.swift */ = {isa = PBXFileReference; lastKnownFileType = sourcecode.swift; path = ViewController.swift; sourceTree = "<group>"; };
		48389C4F26B4E17E000E7C13 /* Base */ = {isa = PBXFileReference; lastKnownFileType = file.storyboard; name = Base; path = Base.lproj/Main.storyboard; sourceTree = "<group>"; };
		48389C5126B4E180000E7C13 /* Assets.xcassets */ = {isa = PBXFileReference; lastKnownFileType = folder.assetcatalog; path = Assets.xcassets; sourceTree = "<group>"; };
		48389C5426B4E180000E7C13 /* Base */ = {isa = PBXFileReference; lastKnownFileType = file.storyboard; name = Base; path = Base.lproj/LaunchScreen.storyboard; sourceTree = "<group>"; };
		48389C5626B4E180000E7C13 /* Info.plist */ = {isa = PBXFileReference; lastKnownFileType = text.plist.xml; path = Info.plist; sourceTree = "<group>"; };
		48389C7C26B533FD000E7C13 /* Scoreboard.swift */ = {isa = PBXFileReference; lastKnownFileType = sourcecode.swift; path = Scoreboard.swift; sourceTree = "<group>"; };
/* End PBXFileReference section */

/* Begin PBXFrameworksBuildPhase section */
		48389C4226B4E17E000E7C13 /* Frameworks */ = {
			isa = PBXFrameworksBuildPhase;
			buildActionMask = 2147483647;
			files = (
			);
			runOnlyForDeploymentPostprocessing = 0;
		};
/* End PBXFrameworksBuildPhase section */

/* Begin PBXGroup section */
		48389C3C26B4E17E000E7C13 = {
			isa = PBXGroup;
			children = (
				48389C4726B4E17E000E7C13 /* PingPongScoreboard */,
				48389C4626B4E17E000E7C13 /* Products */,
			);
			sourceTree = "<group>";
		};
		48389C4626B4E17E000E7C13 /* Products */ = {
			isa = PBXGroup;
			children = (
				48389C4526B4E17E000E7C13 /* PingPongScoreboard.app */,
			);
			name = Products;
			sourceTree = "<group>";
		};
		48389C4726B4E17E000E7C13 /* PingPongScoreboard */ = {
			isa = PBXGroup;
			children = (
				48389C4826B4E17E000E7C13 /* AppDelegate.swift */,
				48389C4A26B4E17E000E7C13 /* SceneDelegate.swift */,
				48389C4C26B4E17E000E7C13 /* ViewController.swift */,
				48389C4E26B4E17E000E7C13 /* Main.storyboard */,
				48389C5126B4E180000E7C13 /* Assets.xcassets */,
				48389C5326B4E180000E7C13 /* LaunchScreen.storyboard */,
				48389C5626B4E180000E7C13 /* Info.plist */,
				48389C7C26B533FD000E7C13 /* Scoreboard.swift */,
			);
			path = PingPongScoreboard;
			sourceTree = "<group>";
		};
/* End PBXGroup section */

/* Begin PBXNativeTarget section */
		48389C4426B4E17E000E7C13 /* PingPongScoreboard */ = {
			isa = PBXNativeTarget;
			buildConfigurationList = 48389C5926B4E180000E7C13 /* Build configuration list for PBXNativeTarget "PingPongScoreboard" */;
			buildPhases = (
				48389C4126B4E17E000E7C13 /* Sources */,
				48389C4226B4E17E000E7C13 /* Frameworks */,
				48389C4326B4E17E000E7C13 /* Resources */,
			);
			buildRules = (
			);
			dependencies = (
			);
			name = PingPongScoreboard;
			productName = PingPongScoreboard;
			productReference = 48389C4526B4E17E000E7C13 /* PingPongScoreboard.app */;
			productType = "com.apple.product-type.application";
		};
/* End PBXNativeTarget section */

/* Begin PBXProject section */
		48389C3D26B4E17E000E7C13 /* Project object */ = {
			isa = PBXProject;
			attributes = {
				LastSwiftUpdateCheck = 1250;
				LastUpgradeCheck = 1250;
				TargetAttributes = {
					48389C4426B4E17E000E7C13 = {
						CreatedOnToolsVersion = 12.5;
					};
				};
			};
			buildConfigurationList = 48389C4026B4E17E000E7C13 /* Build configuration list for PBXProject "PingPongScoreboard" */;
			compatibilityVersion = "Xcode 9.3";
			developmentRegion = en;
			hasScannedForEncodings = 0;
			knownRegions = (
				en,
				Base,
			);
			mainGroup = 48389C3C26B4E17E000E7C13;
			productRefGroup = 48389C4626B4E17E000E7C13 /* Products */;
			projectDirPath = "";
			projectRoot = "";
			targets = (
				48389C4426B4E17E000E7C13 /* PingPongScoreboard */,
			);
		};
/* End PBXProject section */

/* Begin PBXResourcesBuildPhase section */
		48389C4326B4E17E000E7C13 /* Resources */ = {
			isa = PBXResourcesBuildPhase;
			buildActionMask = 2147483647;
			files = (
				48389C5526B4E180000E7C13 /* LaunchScreen.storyboard in Resources */,
				48389C5226B4E180000E7C13 /* Assets.xcassets in Resources */,
				48389C5026B4E17E000E7C13 /* Main.storyboard in Resources */,
			);
			runOnlyForDeploymentPostprocessing = 0;
		};
/* End PBXResourcesBuildPhase section */

/* Begin PBXSourcesBuildPhase section */
		48389C4126B4E17E000E7C13 /* Sources */ = {
			isa = PBXSourcesBuildPhase;
			buildActionMask = 2147483647;
			files = (
				48389C4D26B4E17E000E7C13 /* ViewController.swift in Sources */,
				48389C4926B4E17E000E7C13 /* AppDelegate.swift in Sources */,
				48389C4B26B4E17E000E7C13 /* SceneDelegate.swift in Sources */,
				48389C7D26B533FD000E7C13 /* Scoreboard.swift in Sources */,
			);
			runOnlyForDeploymentPostprocessing = 0;
		};
/* End PBXSourcesBuildPhase section */

/* Begin PBXVariantGroup section */
		48389C4E26B4E17E000E7C13 /* Main.storyboard */ = {
			isa = PBXVariantGroup;
			children = (
				48389C4F26B4E17E000E7C13 /* Base */,
			);
			name = Main.storyboard;
			sourceTree = "<group>";
		};
		48389C5326B4E180000E7C13 /* LaunchScreen.storyboard */ = {
			isa = PBXVariantGroup;
			children = (
				48389C5426B4E180000E7C13 /* Base */,
			);
			name = LaunchScreen.storyboard;
			sourceTree = "<group>";
		};
/* End PBXVariantGroup section */

/* Begin XCBuildConfiguration section */
		48389C5726B4E180000E7C13 /* Debug */ = {
			isa = XCBuildConfiguration;
			buildSettings = {
				ALWAYS_SEARCH_USER_PATHS = NO;
				CLANG_ANALYZER_NONNULL = YES;
				CLANG_ANALYZER_NUMBER_OBJECT_CONVERSION = YES_AGGRESSIVE;
				CLANG_CXX_LANGUAGE_STANDARD = "gnu++14";
				CLANG_CXX_LIBRARY = "libc++";
				CLANG_ENABLE_MODULES = YES;
				CLANG_ENABLE_OBJC_ARC = YES;
				CLANG_ENABLE_OBJC_WEAK = YES;
				CLANG_WARN_BLOCK_CAPTURE_AUTORELEASING = YES;
				CLANG_WARN_BOOL_CONVERSION = YES;
				CLANG_WARN_COMMA = YES;
				CLANG_WARN_CONSTANT_CONVERSION = YES;
				CLANG_WARN_DEPRECATED_OBJC_IMPLEMENTATIONS = YES;
				CLANG_WARN_DIRECT_OBJC_ISA_USAGE = YES_ERROR;
				CLANG_WARN_DOCUMENTATION_COMMENTS = YES;
				CLANG_WARN_EMPTY_BODY = YES;
				CLANG_WARN_ENUM_CONVERSION = YES;
				CLANG_WARN_INFINITE_RECURSION = YES;
				CLANG_WARN_INT_CONVERSION = YES;
				CLANG_WARN_NON_LITERAL_NULL_CONVERSION = YES;
				CLANG_WARN_OBJC_IMPLICIT_RETAIN_SELF = YES;
				CLANG_WARN_OBJC_LITERAL_CONVERSION = YES;
				CLANG_WARN_OBJC_ROOT_CLASS = YES_ERROR;
				CLANG_WARN_QUOTED_INCLUDE_IN_FRAMEWORK_HEADER = YES;
				CLANG_WARN_RANGE_LOOP_ANALYSIS = YES;
				CLANG_WARN_STRICT_PROTOTYPES = YES;
				CLANG_WARN_SUSPICIOUS_MOVE = YES;
				CLANG_WARN_UNGUARDED_AVAILABILITY = YES_AGGRESSIVE;
				CLANG_WARN_UNREACHABLE_CODE = YES;
				CLANG_WARN__DUPLICATE_METHOD_MATCH = YES;
				COPY_PHASE_STRIP = NO;
				DEBUG_INFORMATION_FORMAT = dwarf;
				ENABLE_STRICT_OBJC_MSGSEND = YES;
				ENABLE_TESTABILITY = YES;
				GCC_C_LANGUAGE_STANDARD = gnu11;
				GCC_DYNAMIC_NO_PIC = NO;
				GCC_NO_COMMON_BLOCKS = YES;
				GCC_OPTIMIZATION_LEVEL = 0;
				GCC_PREPROCESSOR_DEFINITIONS = (
					"DEBUG=1",
					"$(inherited)",
				);
				GCC_WARN_64_TO_32_BIT_CONVERSION = YES;
				GCC_WARN_ABOUT_RETURN_TYPE = YES_ERROR;
				GCC_WARN_UNDECLARED_SELECTOR = YES;
				GCC_WARN_UNINITIALIZED_AUTOS = YES_AGGRESSIVE;
				GCC_WARN_UNUSED_FUNCTION = YES;
				GCC_WARN_UNUSED_VARIABLE = YES;
				IPHONEOS_DEPLOYMENT_TARGET = 14.5;
				MTL_ENABLE_DEBUG_INFO = INCLUDE_SOURCE;
				MTL_FAST_MATH = YES;
				ONLY_ACTIVE_ARCH = YES;
				SDKROOT = iphoneos;
				SWIFT_ACTIVE_COMPILATION_CONDITIONS = DEBUG;
				SWIFT_OPTIMIZATION_LEVEL = "-Onone";
			};
			name = Debug;
		};
		48389C5826B4E180000E7C13 /* Release */ = {
			isa = XCBuildConfiguration;
			buildSettings = {
				ALWAYS_SEARCH_USER_PATHS = NO;
				CLANG_ANALYZER_NONNULL = YES;
				CLANG_ANALYZER_NUMBER_OBJECT_CONVERSION = YES_AGGRESSIVE;
				CLANG_CXX_LANGUAGE_STANDARD = "gnu++14";
				CLANG_CXX_LIBRARY = "libc++";
				CLANG_ENABLE_MODULES = YES;
				CLANG_ENABLE_OBJC_ARC = YES;
				CLANG_ENABLE_OBJC_WEAK = YES;
				CLANG_WARN_BLOCK_CAPTURE_AUTORELEASING = YES;
				CLANG_WARN_BOOL_CONVERSION = YES;
				CLANG_WARN_COMMA = YES;
				CLANG_WARN_CONSTANT_CONVERSION = YES;
				CLANG_WARN_DEPRECATED_OBJC_IMPLEMENTATIONS = YES;
				CLANG_WARN_DIRECT_OBJC_ISA_USAGE = YES_ERROR;
				CLANG_WARN_DOCUMENTATION_COMMENTS = YES;
				CLANG_WARN_EMPTY_BODY = YES;
				CLANG_WARN_ENUM_CONVERSION = YES;
				CLANG_WARN_INFINITE_RECURSION = YES;
				CLANG_WARN_INT_CONVERSION = YES;
				CLANG_WARN_NON_LITERAL_NULL_CONVERSION = YES;
				CLANG_WARN_OBJC_IMPLICIT_RETAIN_SELF = YES;
				CLANG_WARN_OBJC_LITERAL_CONVERSION = YES;
				CLANG_WARN_OBJC_ROOT_CLASS = YES_ERROR;
				CLANG_WARN_QUOTED_INCLUDE_IN_FRAMEWORK_HEADER = YES;
				CLANG_WARN_RANGE_LOOP_ANALYSIS = YES;
				CLANG_WARN_STRICT_PROTOTYPES = YES;
				CLANG_WARN_SUSPICIOUS_MOVE = YES;
				CLANG_WARN_UNGUARDED_AVAILABILITY = YES_AGGRESSIVE;
				CLANG_WARN_UNREACHABLE_CODE = YES;
				CLANG_WARN__DUPLICATE_METHOD_MATCH = YES;
				COPY_PHASE_STRIP = NO;
				DEBUG_INFORMATION_FORMAT = "dwarf-with-dsym";
				ENABLE_NS_ASSERTIONS = NO;
				ENABLE_STRICT_OBJC_MSGSEND = YES;
				GCC_C_LANGUAGE_STANDARD = gnu11;
				GCC_NO_COMMON_BLOCKS = YES;
				GCC_WARN_64_TO_32_BIT_CONVERSION = YES;
				GCC_WARN_ABOUT_RETURN_TYPE = YES_ERROR;
				GCC_WARN_UNDECLARED_SELECTOR = YES;
				GCC_WARN_UNINITIALIZED_AUTOS = YES_AGGRESSIVE;
				GCC_WARN_UNUSED_FUNCTION = YES;
				GCC_WARN_UNUSED_VARIABLE = YES;
				IPHONEOS_DEPLOYMENT_TARGET = 14.5;
				MTL_ENABLE_DEBUG_INFO = NO;
				MTL_FAST_MATH = YES;
				SDKROOT = iphoneos;
				SWIFT_COMPILATION_MODE = wholemodule;
				SWIFT_OPTIMIZATION_LEVEL = "-O";
				VALIDATE_PRODUCT = YES;
			};
			name = Release;
		};
		48389C5A26B4E180000E7C13 /* Debug */ = {
			isa = XCBuildConfiguration;
			buildSettings = {
				ASSETCATALOG_COMPILER_APPICON_NAME = AppIcon;
				ASSETCATALOG_COMPILER_GLOBAL_ACCENT_COLOR_NAME = AccentColor;
				CODE_SIGN_STYLE = Automatic;
				DEVELOPMENT_TEAM = KK2KAU2WMT;
				INFOPLIST_FILE = PingPongScoreboard/Info.plist;
				LD_RUNPATH_SEARCH_PATHS = (
					"$(inherited)",
					"@executable_path/Frameworks",
				);
				PRODUCT_BUNDLE_IDENTIFIER = com.chingyu.PingPongScoreboard;
				PRODUCT_NAME = "$(TARGET_NAME)";
				SWIFT_VERSION = 5.0;
				TARGETED_DEVICE_FAMILY = "1,2";
			};
			name = Debug;
		};
		48389C5B26B4E180000E7C13 /* Release */ = {
			isa = XCBuildConfiguration;
			buildSettings = {
				ASSETCATALOG_COMPILER_APPICON_NAME = AppIcon;
				ASSETCATALOG_COMPILER_GLOBAL_ACCENT_COLOR_NAME = AccentColor;
				CODE_SIGN_STYLE = Automatic;
				DEVELOPMENT_TEAM = KK2KAU2WMT;
				INFOPLIST_FILE = PingPongScoreboard/Info.plist;
				LD_RUNPATH_SEARCH_PATHS = (
					"$(inherited)",
					"@executable_path/Frameworks",
				);
				PRODUCT_BUNDLE_IDENTIFIER = com.chingyu.PingPongScoreboard;
				PRODUCT_NAME = "$(TARGET_NAME)";
				SWIFT_VERSION = 5.0;
				TARGETED_DEVICE_FAMILY = "1,2";
			};
			name = Release;
		};
/* End XCBuildConfiguration section */

/* Begin XCConfigurationList section */
		48389C4026B4E17E000E7C13 /* Build configuration list for PBXProject "PingPongScoreboard" */ = {
			isa = XCConfigurationList;
			buildConfigurations = (
				48389C5726B4E180000E7C13 /* Debug */,
				48389C5826B4E180000E7C13 /* Release */,
			);
			defaultConfigurationIsVisible = 0;
			defaultConfigurationName = Release;
		};
		48389C5926B4E180000E7C13 /* Build configuration list for PBXNativeTarget "PingPongScoreboard" */ = {
			isa = XCConfigurationList;
			buildConfigurations = (
				48389C5A26B4E180000E7C13 /* Debug */,
				48389C5B26B4E180000E7C13 /* Release */,
			);
			defaultConfigurationIsVisible = 0;
			defaultConfigurationName = Release;
		};
/* End XCConfigurationList section */
	};
	rootObject = 48389C3D26B4E17E000E7C13 /* Project object */;
}
